
Microsoft Visual Studio Solution File, Format Version 12.00
# Visual Studio Version 16
VisualStudioVersion = 16.0.30011.22
MinimumVisualStudioVersion = 10.0.40219.1
Project("{FAE04EC0-301F-11D3-BF4B-00C04F79EFBC}") = "Codewars solutions", "Codewars solutions\Codewars solutions.csproj", "{6BDFDE87-338F-4F44-8229-3B08BACEA447}"
EndProject
Global
	GlobalSection(SolutionConfigurationPlatforms) = preSolution
		Debug|Any CPU = Debug|Any CPU
		Release|Any CPU = Release|Any CPU
	EndGlobalSection
	GlobalSection(ProjectConfigurationPlatforms) = postSolution
		{6BDFDE87-338F-4F44-8229-3B08BACEA447}.Debug|Any CPU.ActiveCfg = Debug|Any CPU
		{6BDFDE87-338F-4F44-8229-3B08BACEA447}.Debug|Any CPU.Build.0 = Debug|Any CPU
		{6BDFDE87-338F-4F44-8229-3B08BACEA447}.Release|Any CPU.ActiveCfg = Release|Any CPU
		{6BDFDE87-338F-4F44-8229-3B08BACEA447}.Release|Any CPU.Build.0 = Release|Any CPU
	EndGlobalSection
	GlobalSection(SolutionProperties) = preSolution
		HideSolutionNode = FALSE
	EndGlobalSection
	GlobalSection(ExtensibilityGlobals) = postSolution
		SolutionGuid = {A3D21EA5-156C-4F9D-A426-F4BB66CEC70C}
	EndGlobalSection
EndGlobal
